<?xml version="1.0" encoding="utf-8"?>
<Project ToolsVersion="4.0" xmlns="http://schemas.microsoft.com/developer/msbuild/2003">
  <ItemGroup>
    <Filter Include="lib">
      <UniqueIdentifier>{f41832cf-4d2a-4578-9821-296ed732c35a}</UniqueIdentifier>
    </Filter>
    <Filter Include="lib\MemorySources">
      <UniqueIdentifier>{0297b287-5094-497c-b98d-7a7b0abef630}</UniqueIdentifier>
    </Filter>
    <Filter Include="lib\Algorithms">
      <UniqueIdentifier>{9b1c6488-78fd-4bbf-9fb0-17c49759fe58}</UniqueIdentifier>
    </Filter>
    <Filter Include="lib\Structures">
      <UniqueIdentifier>{93c76896-36bd-437e-a0d0-c5c5c2c1b931}</UniqueIdentifier>
    </Filter>
    <Filter Include="lib\Supports">
      <UniqueIdentifier>{f4e85563-d40e-4653-893a-5bd6b39690e8}</UniqueIdentifier>
    </Filter>
    <Filter Include="lib\Misc">
      <UniqueIdentifier>{8708e80f-c574-4798-ac30-bc327960907d}</UniqueIdentifier>
    </Filter>
    <Filter Include="lib\trampa">
      <UniqueIdentifier>{bff7216d-a322-425a-983e-8a1209c27b30}</UniqueIdentifier>
    </Filter>
    <Filter Include="external">
      <UniqueIdentifier>{97c34a2b-5a7a-4868-8ff6-a78db79dcb6c}</UniqueIdentifier>
    </Filter>
    <Filter Include="external\trampa-key">
      <UniqueIdentifier>{db5f075b-ac15-4ff6-8ddb-fe63a3896594}</UniqueIdentifier>
    </Filter>
  </ItemGroup>
  <ItemGroup>
    <ClCompile Include="MemoryBlock.ixx">
      <Filter>lib</Filter>
    </ClCompile>
    <ClCompile Include="MemoryUtils.ixx">
      <Filter>lib</Filter>
    </ClCompile>
    <ClCompile Include="GarbageWriter.ixx">
      <Filter>lib</Filter>
    </ClCompile>
    <ClCompile Include="hfogCore.ixx">
      <Filter>lib</Filter>
    </ClCompile>
    <ClCompile Include="hfogAlloc.ixx">
      <Filter>lib</Filter>
    </ClCompile>
    <ClCompile Include="Heap.ixx">
      <Filter>lib\Misc</Filter>
    </ClCompile>
    <ClCompile Include="StructureSegregator.ixx">
      <Filter>lib\Structures</Filter>
    </ClCompile>
    <ClCompile Include="StructureFallback.ixx">
      <Filter>lib\Structures</Filter>
    </ClCompile>
    <ClCompile Include="SourceLocal.ixx">
      <Filter>lib\MemorySources</Filter>
    </ClCompile>
    <ClCompile Include="SourceExt.ixx">
      <Filter>lib\MemorySources</Filter>
    </ClCompile>
    <ClCompile Include="SourcesCommon.ixx">
      <Filter>lib\MemorySources</Filter>
    </ClCompile>
    <ClCompile Include="AlgIslands.ixx">
      <Filter>lib\Algorithms</Filter>
    </ClCompile>
    <ClCompile Include="AlgPool.ixx">
      <Filter>lib\Algorithms</Filter>
    </ClCompile>
    <ClCompile Include="AlgStack.ixx">
      <Filter>lib\Algorithms</Filter>
    </ClCompile>
    <ClCompile Include="AlgNull.ixx">
      <Filter>lib\Algorithms</Filter>
    </ClCompile>
    <ClCompile Include="AlgUnified.ixx">
      <Filter>lib\Algorithms</Filter>
    </ClCompile>
    <ClCompile Include="hfogProtect.ixx">
      <Filter>lib</Filter>
    </ClCompile>
    <ClCompile Include="includes\trampa-key\Assertion.ixx">
      <Filter>external\trampa-key</Filter>
    </ClCompile>
    <ClCompile Include="includes\trampa-key\Hook.ixx">
      <Filter>external\trampa-key</Filter>
    </ClCompile>
    <ClCompile Include="includes\trampa-key\trampakey.ixx">
      <Filter>external\trampa-key</Filter>
    </ClCompile>
    <ClCompile Include="includes\trampa-key\Value.ixx">
      <Filter>external\trampa-key</Filter>
    </ClCompile>
    <ClCompile Include="hfogProtectionHook.h" />
    <ClCompile Include="AlgRing.ixx">
      <Filter>lib\Algorithms</Filter>
    </ClCompile>
  </ItemGroup>
</Project>