<?xml version="1.0" encoding="utf-8"?>
<Project ToolsVersion="4.0" xmlns="http://schemas.microsoft.com/developer/msbuild/2003">
  <ItemGroup>
    <Filter Include="Resource Files">
      <UniqueIdentifier>{67DA6AB6-F800-4c08-8B7A-83BB121AAD01}</UniqueIdentifier>
      <Extensions>rc;ico;cur;bmp;dlg;rc2;rct;bin;rgs;gif;jpg;jpeg;jpe;resx;tiff;tif;png;wav;mfcribbon-ms</Extensions>
    </Filter>
    <Filter Include="lib">
      <UniqueIdentifier>{f41832cf-4d2a-4578-9821-296ed732c35a}</UniqueIdentifier>
    </Filter>
    <Filter Include="lib\MemorySources">
      <UniqueIdentifier>{0297b287-5094-497c-b98d-7a7b0abef630}</UniqueIdentifier>
    </Filter>
    <Filter Include="lib\Algorithms">
      <UniqueIdentifier>{9b1c6488-78fd-4bbf-9fb0-17c49759fe58}</UniqueIdentifier>
    </Filter>
    <Filter Include="lib\Structures">
      <UniqueIdentifier>{93c76896-36bd-437e-a0d0-c5c5c2c1b931}</UniqueIdentifier>
    </Filter>
    <Filter Include="lib\Supports">
      <UniqueIdentifier>{f4e85563-d40e-4653-893a-5bd6b39690e8}</UniqueIdentifier>
    </Filter>
  </ItemGroup>
  <ItemGroup>
    <ClCompile Include="MemoryBlock.ixx">
      <Filter>lib</Filter>
    </ClCompile>
    <ClCompile Include="MemoryUtils.ixx">
      <Filter>lib</Filter>
    </ClCompile>
    <ClCompile Include="SourceHeap.ixx">
      <Filter>lib\MemorySources</Filter>
    </ClCompile>
    <ClCompile Include="SourceExt.ixx">
      <Filter>lib\MemorySources</Filter>
    </ClCompile>
    <ClCompile Include="SourceStack.ixx">
      <Filter>lib\MemorySources</Filter>
    </ClCompile>
    <ClCompile Include="AlgLinear.ixx">
      <Filter>lib\Algorithms</Filter>
    </ClCompile>
    <ClCompile Include="GarbageWriter.ixx">
      <Filter>lib</Filter>
    </ClCompile>
    <ClCompile Include="SourcesCommon.ixx">
      <Filter>lib\MemorySources</Filter>
    </ClCompile>
    <ClCompile Include="AlgStack.ixx">
      <Filter>lib\Algorithms</Filter>
    </ClCompile>
    <ClCompile Include="AlgNull.ixx">
      <Filter>lib\Algorithms</Filter>
    </ClCompile>
    <ClCompile Include="StructureFallback.ixx">
      <Filter>lib\Structures</Filter>
    </ClCompile>
    <ClCompile Include="hfogCore.ixx">
      <Filter>lib</Filter>
    </ClCompile>
    <ClCompile Include="Heap.ixx">
      <Filter>lib\Supports</Filter>
    </ClCompile>
    <ClCompile Include="AlgUnified.ixx">
      <Filter>lib\Algorithms</Filter>
    </ClCompile>
  </ItemGroup>
</Project>