<?xml version="1.0" encoding="utf-8"?>
<Project ToolsVersion="4.0" xmlns="http://schemas.microsoft.com/developer/msbuild/2003">
  <ItemGroup>
    <Filter Include="Resource Files">
      <UniqueIdentifier>{67DA6AB6-F800-4c08-8B7A-83BB121AAD01}</UniqueIdentifier>
      <Extensions>rc;ico;cur;bmp;dlg;rc2;rct;bin;rgs;gif;jpg;jpeg;jpe;resx;tiff;tif;png;wav;mfcribbon-ms</Extensions>
    </Filter>
    <Filter Include="lib">
      <UniqueIdentifier>{f41832cf-4d2a-4578-9821-296ed732c35a}</UniqueIdentifier>
    </Filter>
    <Filter Include="lib\MemorySources">
      <UniqueIdentifier>{0297b287-5094-497c-b98d-7a7b0abef630}</UniqueIdentifier>
    </Filter>
    <Filter Include="lib\Algorithms">
      <UniqueIdentifier>{9b1c6488-78fd-4bbf-9fb0-17c49759fe58}</UniqueIdentifier>
    </Filter>
    <Filter Include="lib\Structures">
      <UniqueIdentifier>{93c76896-36bd-437e-a0d0-c5c5c2c1b931}</UniqueIdentifier>
    </Filter>
    <Filter Include="lib\Supports">
      <UniqueIdentifier>{f4e85563-d40e-4653-893a-5bd6b39690e8}</UniqueIdentifier>
    </Filter>
    <Filter Include="Algorithms">
      <UniqueIdentifier>{b06fed23-bc1b-44e2-952c-ea960f336e96}</UniqueIdentifier>
    </Filter>
    <Filter Include="Sources">
      <UniqueIdentifier>{fb971ffa-ad1a-4478-bd80-39979f78b56d}</UniqueIdentifier>
    </Filter>
    <Filter Include="Structures">
      <UniqueIdentifier>{6639e5e0-c0de-407c-bfb6-4064d024cb66}</UniqueIdentifier>
    </Filter>
    <Filter Include="Misc">
      <UniqueIdentifier>{8708e80f-c574-4798-ac30-bc327960907d}</UniqueIdentifier>
    </Filter>
  </ItemGroup>
  <ItemGroup>
    <ClCompile Include="MemoryBlock.ixx">
      <Filter>lib</Filter>
    </ClCompile>
    <ClCompile Include="MemoryUtils.ixx">
      <Filter>lib</Filter>
    </ClCompile>
    <ClCompile Include="GarbageWriter.ixx">
      <Filter>lib</Filter>
    </ClCompile>
    <ClCompile Include="hfogCore.ixx">
      <Filter>lib</Filter>
    </ClCompile>
    <ClCompile Include="hfogAlloc.ixx">
      <Filter>lib</Filter>
    </ClCompile>
    <ClCompile Include="AlgUnified.ixx">
      <Filter>Algorithms</Filter>
    </ClCompile>
    <ClCompile Include="AlgNull.ixx">
      <Filter>Algorithms</Filter>
    </ClCompile>
    <ClCompile Include="AlgPool.ixx">
      <Filter>Algorithms</Filter>
    </ClCompile>
    <ClCompile Include="AlgStack.ixx">
      <Filter>Algorithms</Filter>
    </ClCompile>
    <ClCompile Include="SourcesCommon.ixx">
      <Filter>Sources</Filter>
    </ClCompile>
    <ClCompile Include="SourceExt.ixx">
      <Filter>Sources</Filter>
    </ClCompile>
    <ClCompile Include="StructureSegregator.ixx">
      <Filter>Structures</Filter>
    </ClCompile>
    <ClCompile Include="StructureFallback.ixx">
      <Filter>Structures</Filter>
    </ClCompile>
    <ClCompile Include="SourceStack.ixx">
      <Filter>Sources</Filter>
    </ClCompile>
    <ClCompile Include="Heap.ixx">
      <Filter>Misc</Filter>
    </ClCompile>
  </ItemGroup>
</Project>