
Microsoft Visual Studio Solution File, Format Version 12.00
# Visual Studio Version 17
VisualStudioVersion = 17.1.32210.238
MinimumVisualStudioVersion = 10.0.40219.1
Project("{8BC9CEB8-8B4A-11D0-8D11-00A0C91BC942}") = "hadgefog-alloc", "hadgefog-alloc.vcxproj", "{A89AF75A-8687-407E-9193-EEBBD007B3C9}"
EndProject
Project("{8BC9CEB8-8B4A-11D0-8D11-00A0C91BC942}") = "tests", "tests\tests.vcxproj", "{4B0E2905-3432-45D4-B775-E83E0771E62B}"
EndProject
Project("{8BC9CEB8-8B4A-11D0-8D11-00A0C91BC942}") = "benchmark", "benchmark\benchmark.vcxproj", "{3E386E95-B2C8-485F-826E-7A417CAA53CE}"
EndProject
Global
	GlobalSection(SolutionConfigurationPlatforms) = preSolution
		Debug|x64 = Debug|x64
		Debug|x86 = Debug|x86
		Release|x64 = Release|x64
		Release|x86 = Release|x86
	EndGlobalSection
	GlobalSection(ProjectConfigurationPlatforms) = postSolution
		{A89AF75A-8687-407E-9193-EEBBD007B3C9}.Debug|x64.ActiveCfg = Debug|x64
		{A89AF75A-8687-407E-9193-EEBBD007B3C9}.Debug|x64.Build.0 = Debug|x64
		{A89AF75A-8687-407E-9193-EEBBD007B3C9}.Debug|x86.ActiveCfg = Debug|Win32
		{A89AF75A-8687-407E-9193-EEBBD007B3C9}.Debug|x86.Build.0 = Debug|Win32
		{A89AF75A-8687-407E-9193-EEBBD007B3C9}.Release|x64.ActiveCfg = Release|x64
		{A89AF75A-8687-407E-9193-EEBBD007B3C9}.Release|x64.Build.0 = Release|x64
		{A89AF75A-8687-407E-9193-EEBBD007B3C9}.Release|x86.ActiveCfg = Release|Win32
		{A89AF75A-8687-407E-9193-EEBBD007B3C9}.Release|x86.Build.0 = Release|Win32
		{4B0E2905-3432-45D4-B775-E83E0771E62B}.Debug|x64.ActiveCfg = Debug|x64
		{4B0E2905-3432-45D4-B775-E83E0771E62B}.Debug|x64.Build.0 = Debug|x64
		{4B0E2905-3432-45D4-B775-E83E0771E62B}.Debug|x86.ActiveCfg = Debug|Win32
		{4B0E2905-3432-45D4-B775-E83E0771E62B}.Debug|x86.Build.0 = Debug|Win32
		{4B0E2905-3432-45D4-B775-E83E0771E62B}.Release|x64.ActiveCfg = Release|x64
		{4B0E2905-3432-45D4-B775-E83E0771E62B}.Release|x64.Build.0 = Release|x64
		{4B0E2905-3432-45D4-B775-E83E0771E62B}.Release|x86.ActiveCfg = Release|Win32
		{4B0E2905-3432-45D4-B775-E83E0771E62B}.Release|x86.Build.0 = Release|Win32
		{3E386E95-B2C8-485F-826E-7A417CAA53CE}.Debug|x64.ActiveCfg = Debug|x64
		{3E386E95-B2C8-485F-826E-7A417CAA53CE}.Debug|x64.Build.0 = Debug|x64
		{3E386E95-B2C8-485F-826E-7A417CAA53CE}.Debug|x86.ActiveCfg = Debug|Win32
		{3E386E95-B2C8-485F-826E-7A417CAA53CE}.Debug|x86.Build.0 = Debug|Win32
		{3E386E95-B2C8-485F-826E-7A417CAA53CE}.Release|x64.ActiveCfg = Release|x64
		{3E386E95-B2C8-485F-826E-7A417CAA53CE}.Release|x64.Build.0 = Release|x64
		{3E386E95-B2C8-485F-826E-7A417CAA53CE}.Release|x86.ActiveCfg = Release|Win32
		{3E386E95-B2C8-485F-826E-7A417CAA53CE}.Release|x86.Build.0 = Release|Win32
	EndGlobalSection
	GlobalSection(SolutionProperties) = preSolution
		HideSolutionNode = FALSE
	EndGlobalSection
	GlobalSection(ExtensibilityGlobals) = postSolution
		SolutionGuid = {AA6FB80E-2598-42FD-8E76-5C030B086D82}
	EndGlobalSection
EndGlobal
